// !$*UTF8*$!
{
	archiveVersion = 1;
	classes = {
	};
	objectVersion = 46;
	objects = {

/* Begin PBXBuildFile section */
		282FD7D41E895B5E00E17BFB /* MASCompositeConstraint.m in Sources */ = {isa = PBXBuildFile; fileRef = 282FD7BE1E895B5E00E17BFB /* MASCompositeConstraint.m */; };
		282FD7D51E895B5E00E17BFB /* MASConstraint.m in Sources */ = {isa = PBXBuildFile; fileRef = 282FD7C11E895B5E00E17BFB /* MASConstraint.m */; };
		282FD7D61E895B5E00E17BFB /* MASConstraintMaker.m in Sources */ = {isa = PBXBuildFile; fileRef = 282FD7C31E895B5E00E17BFB /* MASConstraintMaker.m */; };
		282FD7D71E895B5E00E17BFB /* MASLayoutConstraint.m in Sources */ = {isa = PBXBuildFile; fileRef = 282FD7C51E895B5E00E17BFB /* MASLayoutConstraint.m */; };
		282FD7D81E895B5E00E17BFB /* MASViewAttribute.m in Sources */ = {isa = PBXBuildFile; fileRef = 282FD7C91E895B5E00E17BFB /* MASViewAttribute.m */; };
		282FD7D91E895B5E00E17BFB /* MASViewConstraint.m in Sources */ = {isa = PBXBuildFile; fileRef = 282FD7CB1E895B5E00E17BFB /* MASViewConstraint.m */; };
		282FD7DA1E895B5E00E17BFB /* NSArray+MASAdditions.m in Sources */ = {isa = PBXBuildFile; fileRef = 282FD7CD1E895B5E00E17BFB /* NSArray+MASAdditions.m */; };
		282FD7DB1E895B5E00E17BFB /* NSLayoutConstraint+MASDebugAdditions.m in Sources */ = {isa = PBXBuildFile; fileRef = 282FD7D01E895B5E00E17BFB /* NSLayoutConstraint+MASDebugAdditions.m */; };
		282FD7DC1E895B5E00E17BFB /* View+MASAdditions.m in Sources */ = {isa = PBXBuildFile; fileRef = 282FD7D21E895B5E00E17BFB /* View+MASAdditions.m */; };
		282FD7E71E895B6400E17BFB /* JCFrameMake.m in Sources */ = {isa = PBXBuildFile; fileRef = 282FD7E01E895B6400E17BFB /* JCFrameMake.m */; };
		282FD7E81E895B6400E17BFB /* JCFrame.m in Sources */ = {isa = PBXBuildFile; fileRef = 282FD7E21E895B6400E17BFB /* JCFrame.m */; };
		282FD7E91E895B6400E17BFB /* UIView+JCFrame.m in Sources */ = {isa = PBXBuildFile; fileRef = 282FD7E41E895B6400E17BFB /* UIView+JCFrame.m */; };
		282FD7EA1E895B6400E17BFB /* UIView+JCFrameLayout.m in Sources */ = {isa = PBXBuildFile; fileRef = 282FD7E61E895B6400E17BFB /* UIView+JCFrameLayout.m */; };
		282FD7ED1E895B6D00E17BFB /* SecondViewController.m in Sources */ = {isa = PBXBuildFile; fileRef = 282FD7EC1E895B6D00E17BFB /* SecondViewController.m */; };
		2836F33C1E8CE49400C9BE35 /* JCFrameAttribute.m in Sources */ = {isa = PBXBuildFile; fileRef = 2836F33B1E8CE49400C9BE35 /* JCFrameAttribute.m */; };
		28D22AE21E8911C9002245F9 /* main.m in Sources */ = {isa = PBXBuildFile; fileRef = 28D22AE11E8911C9002245F9 /* main.m */; };
		28D22AE51E8911C9002245F9 /* AppDelegate.m in Sources */ = {isa = PBXBuildFile; fileRef = 28D22AE41E8911C9002245F9 /* AppDelegate.m */; };
		28D22AE81E8911C9002245F9 /* ViewController.m in Sources */ = {isa = PBXBuildFile; fileRef = 28D22AE71E8911C9002245F9 /* ViewController.m */; };
		28D22AEB1E8911C9002245F9 /* Main.storyboard in Resources */ = {isa = PBXBuildFile; fileRef = 28D22AE91E8911C9002245F9 /* Main.storyboard */; };
		28D22AED1E8911C9002245F9 /* Assets.xcassets in Resources */ = {isa = PBXBuildFile; fileRef = 28D22AEC1E8911C9002245F9 /* Assets.xcassets */; };
		28D22AF01E8911C9002245F9 /* LaunchScreen.storyboard in Resources */ = {isa = PBXBuildFile; fileRef = 28D22AEE1E8911C9002245F9 /* LaunchScreen.storyboard */; };
		28E5EAD51E8B84A000701A93 /* JCFrameExecutor.m in Sources */ = {isa = PBXBuildFile; fileRef = 28E5EAD41E8B84A000701A93 /* JCFrameExecutor.m */; };
/* End PBXBuildFile section */

/* Begin PBXFileReference section */
		282FD7BD1E895B5E00E17BFB /* MASCompositeConstraint.h */ = {isa = PBXFileReference; fileEncoding = 4; lastKnownFileType = sourcecode.c.h; path = MASCompositeConstraint.h; sourceTree = "<group>"; };
		282FD7BE1E895B5E00E17BFB /* MASCompositeConstraint.m */ = {isa = PBXFileReference; fileEncoding = 4; lastKnownFileType = sourcecode.c.objc; path = MASCompositeConstraint.m; sourceTree = "<group>"; };
		282FD7BF1E895B5E00E17BFB /* MASConstraint+Private.h */ = {isa = PBXFileReference; fileEncoding = 4; lastKnownFileType = sourcecode.c.h; path = "MASConstraint+Private.h"; sourceTree = "<group>"; };
		282FD7C01E895B5E00E17BFB /* MASConstraint.h */ = {isa = PBXFileReference; fileEncoding = 4; lastKnownFileType = sourcecode.c.h; path = MASConstraint.h; sourceTree = "<group>"; };
		282FD7C11E895B5E00E17BFB /* MASConstraint.m */ = {isa = PBXFileReference; fileEncoding = 4; lastKnownFileType = sourcecode.c.objc; path = MASConstraint.m; sourceTree = "<group>"; };
		282FD7C21E895B5E00E17BFB /* MASConstraintMaker.h */ = {isa = PBXFileReference; fileEncoding = 4; lastKnownFileType = sourcecode.c.h; path = MASConstraintMaker.h; sourceTree = "<group>"; };
		282FD7C31E895B5E00E17BFB /* MASConstraintMaker.m */ = {isa = PBXFileReference; fileEncoding = 4; lastKnownFileType = sourcecode.c.objc; path = MASConstraintMaker.m; sourceTree = "<group>"; };
		282FD7C41E895B5E00E17BFB /* MASLayoutConstraint.h */ = {isa = PBXFileReference; fileEncoding = 4; lastKnownFileType = sourcecode.c.h; path = MASLayoutConstraint.h; sourceTree = "<group>"; };
		282FD7C51E895B5E00E17BFB /* MASLayoutConstraint.m */ = {isa = PBXFileReference; fileEncoding = 4; lastKnownFileType = sourcecode.c.objc; path = MASLayoutConstraint.m; sourceTree = "<group>"; };
		282FD7C61E895B5E00E17BFB /* Masonry.h */ = {isa = PBXFileReference; fileEncoding = 4; lastKnownFileType = sourcecode.c.h; path = Masonry.h; sourceTree = "<group>"; };
		282FD7C71E895B5E00E17BFB /* MASUtilities.h */ = {isa = PBXFileReference; fileEncoding = 4; lastKnownFileType = sourcecode.c.h; path = MASUtilities.h; sourceTree = "<group>"; };
		282FD7C81E895B5E00E17BFB /* MASViewAttribute.h */ = {isa = PBXFileReference; fileEncoding = 4; lastKnownFileType = sourcecode.c.h; path = MASViewAttribute.h; sourceTree = "<group>"; };
		282FD7C91E895B5E00E17BFB /* MASViewAttribute.m */ = {isa = PBXFileReference; fileEncoding = 4; lastKnownFileType = sourcecode.c.objc; path = MASViewAttribute.m; sourceTree = "<group>"; };
		282FD7CA1E895B5E00E17BFB /* MASViewConstraint.h */ = {isa = PBXFileReference; fileEncoding = 4; lastKnownFileType = sourcecode.c.h; path = MASViewConstraint.h; sourceTree = "<group>"; };
		282FD7CB1E895B5E00E17BFB /* MASViewConstraint.m */ = {isa = PBXFileReference; fileEncoding = 4; lastKnownFileType = sourcecode.c.objc; path = MASViewConstraint.m; sourceTree = "<group>"; };
		282FD7CC1E895B5E00E17BFB /* NSArray+MASAdditions.h */ = {isa = PBXFileReference; fileEncoding = 4; lastKnownFileType = sourcecode.c.h; path = "NSArray+MASAdditions.h"; sourceTree = "<group>"; };
		282FD7CD1E895B5E00E17BFB /* NSArray+MASAdditions.m */ = {isa = PBXFileReference; fileEncoding = 4; lastKnownFileType = sourcecode.c.objc; path = "NSArray+MASAdditions.m"; sourceTree = "<group>"; };
		282FD7CE1E895B5E00E17BFB /* NSArray+MASShorthandAdditions.h */ = {isa = PBXFileReference; fileEncoding = 4; lastKnownFileType = sourcecode.c.h; path = "NSArray+MASShorthandAdditions.h"; sourceTree = "<group>"; };
		282FD7CF1E895B5E00E17BFB /* NSLayoutConstraint+MASDebugAdditions.h */ = {isa = PBXFileReference; fileEncoding = 4; lastKnownFileType = sourcecode.c.h; path = "NSLayoutConstraint+MASDebugAdditions.h"; sourceTree = "<group>"; };
		282FD7D01E895B5E00E17BFB /* NSLayoutConstraint+MASDebugAdditions.m */ = {isa = PBXFileReference; fileEncoding = 4; lastKnownFileType = sourcecode.c.objc; path = "NSLayoutConstraint+MASDebugAdditions.m"; sourceTree = "<group>"; };
		282FD7D11E895B5E00E17BFB /* View+MASAdditions.h */ = {isa = PBXFileReference; fileEncoding = 4; lastKnownFileType = sourcecode.c.h; path = "View+MASAdditions.h"; sourceTree = "<group>"; };
		282FD7D21E895B5E00E17BFB /* View+MASAdditions.m */ = {isa = PBXFileReference; fileEncoding = 4; lastKnownFileType = sourcecode.c.objc; path = "View+MASAdditions.m"; sourceTree = "<group>"; };
		282FD7D31E895B5E00E17BFB /* View+MASShorthandAdditions.h */ = {isa = PBXFileReference; fileEncoding = 4; lastKnownFileType = sourcecode.c.h; path = "View+MASShorthandAdditions.h"; sourceTree = "<group>"; };
		282FD7DE1E895B6400E17BFB /* JCFrameLayout.h */ = {isa = PBXFileReference; fileEncoding = 4; lastKnownFileType = sourcecode.c.h; path = JCFrameLayout.h; sourceTree = "<group>"; };
		282FD7DF1E895B6400E17BFB /* JCFrameMake.h */ = {isa = PBXFileReference; fileEncoding = 4; lastKnownFileType = sourcecode.c.h; path = JCFrameMake.h; sourceTree = "<group>"; };
		282FD7E01E895B6400E17BFB /* JCFrameMake.m */ = {isa = PBXFileReference; fileEncoding = 4; lastKnownFileType = sourcecode.c.objc; path = JCFrameMake.m; sourceTree = "<group>"; };
		282FD7E11E895B6400E17BFB /* JCFrame.h */ = {isa = PBXFileReference; fileEncoding = 4; lastKnownFileType = sourcecode.c.h; path = JCFrame.h; sourceTree = "<group>"; };
		282FD7E21E895B6400E17BFB /* JCFrame.m */ = {isa = PBXFileReference; fileEncoding = 4; lastKnownFileType = sourcecode.c.objc; path = JCFrame.m; sourceTree = "<group>"; };
		282FD7E31E895B6400E17BFB /* UIView+JCFrame.h */ = {isa = PBXFileReference; fileEncoding = 4; lastKnownFileType = sourcecode.c.h; path = "UIView+JCFrame.h"; sourceTree = "<group>"; };
		282FD7E41E895B6400E17BFB /* UIView+JCFrame.m */ = {isa = PBXFileReference; fileEncoding = 4; lastKnownFileType = sourcecode.c.objc; path = "UIView+JCFrame.m"; sourceTree = "<group>"; };
		282FD7E51E895B6400E17BFB /* UIView+JCFrameLayout.h */ = {isa = PBXFileReference; fileEncoding = 4; lastKnownFileType = sourcecode.c.h; path = "UIView+JCFrameLayout.h"; sourceTree = "<group>"; };
		282FD7E61E895B6400E17BFB /* UIView+JCFrameLayout.m */ = {isa = PBXFileReference; fileEncoding = 4; lastKnownFileType = sourcecode.c.objc; path = "UIView+JCFrameLayout.m"; sourceTree = "<group>"; };
		282FD7EB1E895B6D00E17BFB /* SecondViewController.h */ = {isa = PBXFileReference; fileEncoding = 4; lastKnownFileType = sourcecode.c.h; path = SecondViewController.h; sourceTree = "<group>"; };
		282FD7EC1E895B6D00E17BFB /* SecondViewController.m */ = {isa = PBXFileReference; fileEncoding = 4; lastKnownFileType = sourcecode.c.objc; path = SecondViewController.m; sourceTree = "<group>"; };
		2836F33A1E8CE49400C9BE35 /* JCFrameAttribute.h */ = {isa = PBXFileReference; fileEncoding = 4; lastKnownFileType = sourcecode.c.h; path = JCFrameAttribute.h; sourceTree = "<group>"; };
		2836F33B1E8CE49400C9BE35 /* JCFrameAttribute.m */ = {isa = PBXFileReference; fileEncoding = 4; lastKnownFileType = sourcecode.c.objc; path = JCFrameAttribute.m; sourceTree = "<group>"; };
		2836F33D1E8E2FEA00C9BE35 /* JCFrameExecutorMethods.h */ = {isa = PBXFileReference; lastKnownFileType = sourcecode.c.h; path = JCFrameExecutorMethods.h; sourceTree = "<group>"; };
		28D22ADD1E8911C9002245F9 /* JCFrameLayout.app */ = {isa = PBXFileReference; explicitFileType = wrapper.application; includeInIndex = 0; path = JCFrameLayout.app; sourceTree = BUILT_PRODUCTS_DIR; };
		28D22AE11E8911C9002245F9 /* main.m */ = {isa = PBXFileReference; lastKnownFileType = sourcecode.c.objc; path = main.m; sourceTree = "<group>"; };
		28D22AE31E8911C9002245F9 /* AppDelegate.h */ = {isa = PBXFileReference; lastKnownFileType = sourcecode.c.h; path = AppDelegate.h; sourceTree = "<group>"; };
		28D22AE41E8911C9002245F9 /* AppDelegate.m */ = {isa = PBXFileReference; lastKnownFileType = sourcecode.c.objc; path = AppDelegate.m; sourceTree = "<group>"; };
		28D22AE61E8911C9002245F9 /* ViewController.h */ = {isa = PBXFileReference; lastKnownFileType = sourcecode.c.h; path = ViewController.h; sourceTree = "<group>"; };
		28D22AE71E8911C9002245F9 /* ViewController.m */ = {isa = PBXFileReference; lastKnownFileType = sourcecode.c.objc; path = ViewController.m; sourceTree = "<group>"; };
		28D22AEA1E8911C9002245F9 /* Base */ = {isa = PBXFileReference; lastKnownFileType = file.storyboard; name = Base; path = Base.lproj/Main.storyboard; sourceTree = "<group>"; };
		28D22AEC1E8911C9002245F9 /* Assets.xcassets */ = {isa = PBXFileReference; lastKnownFileType = folder.assetcatalog; path = Assets.xcassets; sourceTree = "<group>"; };
		28D22AEF1E8911C9002245F9 /* Base */ = {isa = PBXFileReference; lastKnownFileType = file.storyboard; name = Base; path = Base.lproj/LaunchScreen.storyboard; sourceTree = "<group>"; };
		28D22AF11E8911C9002245F9 /* Info.plist */ = {isa = PBXFileReference; lastKnownFileType = text.plist.xml; path = Info.plist; sourceTree = "<group>"; };
		28E5EA981E8A42F300701A93 /* JCFrameLayoutConst.h */ = {isa = PBXFileReference; lastKnownFileType = sourcecode.c.h; path = JCFrameLayoutConst.h; sourceTree = "<group>"; };
		28E5EAD31E8B84A000701A93 /* JCFrameExecutor.h */ = {isa = PBXFileReference; fileEncoding = 4; lastKnownFileType = sourcecode.c.h; path = JCFrameExecutor.h; sourceTree = "<group>"; };
		28E5EAD41E8B84A000701A93 /* JCFrameExecutor.m */ = {isa = PBXFileReference; fileEncoding = 4; lastKnownFileType = sourcecode.c.objc; path = JCFrameExecutor.m; sourceTree = "<group>"; };
		28E5EAD61E8BB16700701A93 /* JCFrameUtilities.h */ = {isa = PBXFileReference; fileEncoding = 4; lastKnownFileType = sourcecode.c.h; path = JCFrameUtilities.h; sourceTree = "<group>"; };
/* End PBXFileReference section */

/* Begin PBXFrameworksBuildPhase section */
		28D22ADA1E8911C9002245F9 /* Frameworks */ = {
			isa = PBXFrameworksBuildPhase;
			buildActionMask = 2147483647;
			files = (
			);
			runOnlyForDeploymentPostprocessing = 0;
		};
/* End PBXFrameworksBuildPhase section */

/* Begin PBXGroup section */
		282FD7BC1E895B5E00E17BFB /* Masonry */ = {
			isa = PBXGroup;
			children = (
				282FD7BD1E895B5E00E17BFB /* MASCompositeConstraint.h */,
				282FD7BE1E895B5E00E17BFB /* MASCompositeConstraint.m */,
				282FD7BF1E895B5E00E17BFB /* MASConstraint+Private.h */,
				282FD7C01E895B5E00E17BFB /* MASConstraint.h */,
				282FD7C11E895B5E00E17BFB /* MASConstraint.m */,
				282FD7C21E895B5E00E17BFB /* MASConstraintMaker.h */,
				282FD7C31E895B5E00E17BFB /* MASConstraintMaker.m */,
				282FD7C41E895B5E00E17BFB /* MASLayoutConstraint.h */,
				282FD7C51E895B5E00E17BFB /* MASLayoutConstraint.m */,
				282FD7C61E895B5E00E17BFB /* Masonry.h */,
				282FD7C71E895B5E00E17BFB /* MASUtilities.h */,
				282FD7C81E895B5E00E17BFB /* MASViewAttribute.h */,
				282FD7C91E895B5E00E17BFB /* MASViewAttribute.m */,
				282FD7CA1E895B5E00E17BFB /* MASViewConstraint.h */,
				282FD7CB1E895B5E00E17BFB /* MASViewConstraint.m */,
				282FD7CC1E895B5E00E17BFB /* NSArray+MASAdditions.h */,
				282FD7CD1E895B5E00E17BFB /* NSArray+MASAdditions.m */,
				282FD7CE1E895B5E00E17BFB /* NSArray+MASShorthandAdditions.h */,
				282FD7CF1E895B5E00E17BFB /* NSLayoutConstraint+MASDebugAdditions.h */,
				282FD7D01E895B5E00E17BFB /* NSLayoutConstraint+MASDebugAdditions.m */,
				282FD7D11E895B5E00E17BFB /* View+MASAdditions.h */,
				282FD7D21E895B5E00E17BFB /* View+MASAdditions.m */,
				282FD7D31E895B5E00E17BFB /* View+MASShorthandAdditions.h */,
			);
			path = Masonry;
			sourceTree = "<group>";
		};
		282FD7DD1E895B6400E17BFB /* JCFrameLayout */ = {
			isa = PBXGroup;
			children = (
				282FD7DE1E895B6400E17BFB /* JCFrameLayout.h */,
				28E5EA981E8A42F300701A93 /* JCFrameLayoutConst.h */,
				28E5EAD61E8BB16700701A93 /* JCFrameUtilities.h */,
				282FD7DF1E895B6400E17BFB /* JCFrameMake.h */,
				282FD7E01E895B6400E17BFB /* JCFrameMake.m */,
				282FD7E11E895B6400E17BFB /* JCFrame.h */,
				282FD7E21E895B6400E17BFB /* JCFrame.m */,
				2836F33A1E8CE49400C9BE35 /* JCFrameAttribute.h */,
				2836F33B1E8CE49400C9BE35 /* JCFrameAttribute.m */,
				28E5EAD31E8B84A000701A93 /* JCFrameExecutor.h */,
				28E5EAD41E8B84A000701A93 /* JCFrameExecutor.m */,
				2836F33D1E8E2FEA00C9BE35 /* JCFrameExecutorMethods.h */,
				282FD7E31E895B6400E17BFB /* UIView+JCFrame.h */,
				282FD7E41E895B6400E17BFB /* UIView+JCFrame.m */,
				282FD7E51E895B6400E17BFB /* UIView+JCFrameLayout.h */,
				282FD7E61E895B6400E17BFB /* UIView+JCFrameLayout.m */,
			);
			path = JCFrameLayout;
			sourceTree = "<group>";
		};
		28D22AD41E8911C9002245F9 = {
			isa = PBXGroup;
			children = (
				28D22ADF1E8911C9002245F9 /* JCFrameLayout */,
				28D22ADE1E8911C9002245F9 /* Products */,
			);
			sourceTree = "<group>";
		};
		28D22ADE1E8911C9002245F9 /* Products */ = {
			isa = PBXGroup;
			children = (
				28D22ADD1E8911C9002245F9 /* JCFrameLayout.app */,
			);
			name = Products;
			sourceTree = "<group>";
		};
		28D22ADF1E8911C9002245F9 /* JCFrameLayout */ = {
			isa = PBXGroup;
			children = (
				282FD7DD1E895B6400E17BFB /* JCFrameLayout */,
				28D22AE31E8911C9002245F9 /* AppDelegate.h */,
				28D22AE41E8911C9002245F9 /* AppDelegate.m */,
				28D22AE61E8911C9002245F9 /* ViewController.h */,
				28D22AE71E8911C9002245F9 /* ViewController.m */,
				282FD7EB1E895B6D00E17BFB /* SecondViewController.h */,
				282FD7EC1E895B6D00E17BFB /* SecondViewController.m */,
				28D22AE91E8911C9002245F9 /* Main.storyboard */,
				28D22AEC1E8911C9002245F9 /* Assets.xcassets */,
				28D22AEE1E8911C9002245F9 /* LaunchScreen.storyboard */,
				28D22AF11E8911C9002245F9 /* Info.plist */,
				282FD7BC1E895B5E00E17BFB /* Masonry */,
				28D22AE01E8911C9002245F9 /* Supporting Files */,
			);
			path = JCFrameLayout;
			sourceTree = "<group>";
		};
		28D22AE01E8911C9002245F9 /* Supporting Files */ = {
			isa = PBXGroup;
			children = (
				28D22AE11E8911C9002245F9 /* main.m */,
			);
			name = "Supporting Files";
			sourceTree = "<group>";
		};
/* End PBXGroup section */

/* Begin PBXNativeTarget section */
		28D22ADC1E8911C9002245F9 /* JCFrameLayout */ = {
			isa = PBXNativeTarget;
			buildConfigurationList = 28D22AF41E8911C9002245F9 /* Build configuration list for PBXNativeTarget "JCFrameLayout" */;
			buildPhases = (
				28D22AD91E8911C9002245F9 /* Sources */,
				28D22ADA1E8911C9002245F9 /* Frameworks */,
				28D22ADB1E8911C9002245F9 /* Resources */,
			);
			buildRules = (
			);
			dependencies = (
			);
			name = JCFrameLayout;
			productName = JCFrameLayout;
			productReference = 28D22ADD1E8911C9002245F9 /* JCFrameLayout.app */;
			productType = "com.apple.product-type.application";
		};
/* End PBXNativeTarget section */

/* Begin PBXProject section */
		28D22AD51E8911C9002245F9 /* Project object */ = {
			isa = PBXProject;
			attributes = {
				LastUpgradeCheck = 0820;
				ORGANIZATIONNAME = jackcat;
				TargetAttributes = {
					28D22ADC1E8911C9002245F9 = {
						CreatedOnToolsVersion = 8.2.1;
						DevelopmentTeam = H4BT36KNDU;
						ProvisioningStyle = Automatic;
					};
				};
			};
			buildConfigurationList = 28D22AD81E8911C9002245F9 /* Build configuration list for PBXProject "JCFrameLayout" */;
			compatibilityVersion = "Xcode 3.2";
			developmentRegion = English;
			hasScannedForEncodings = 0;
			knownRegions = (
				en,
				Base,
			);
			mainGroup = 28D22AD41E8911C9002245F9;
			productRefGroup = 28D22ADE1E8911C9002245F9 /* Products */;
			projectDirPath = "";
			projectRoot = "";
			targets = (
				28D22ADC1E8911C9002245F9 /* JCFrameLayout */,
			);
		};
/* End PBXProject section */

/* Begin PBXResourcesBuildPhase section */
		28D22ADB1E8911C9002245F9 /* Resources */ = {
			isa = PBXResourcesBuildPhase;
			buildActionMask = 2147483647;
			files = (
				28D22AF01E8911C9002245F9 /* LaunchScreen.storyboard in Resources */,
				28D22AED1E8911C9002245F9 /* Assets.xcassets in Resources */,
				28D22AEB1E8911C9002245F9 /* Main.storyboard in Resources */,
			);
			runOnlyForDeploymentPostprocessing = 0;
		};
/* End PBXResourcesBuildPhase section */

/* Begin PBXSourcesBuildPhase section */
		28D22AD91E8911C9002245F9 /* Sources */ = {
			isa = PBXSourcesBuildPhase;
			buildActionMask = 2147483647;
			files = (
				282FD7DB1E895B5E00E17BFB /* NSLayoutConstraint+MASDebugAdditions.m in Sources */,
				282FD7D91E895B5E00E17BFB /* MASViewConstraint.m in Sources */,
				282FD7D41E895B5E00E17BFB /* MASCompositeConstraint.m in Sources */,
				282FD7DA1E895B5E00E17BFB /* NSArray+MASAdditions.m in Sources */,
				28D22AE81E8911C9002245F9 /* ViewController.m in Sources */,
				28D22AE51E8911C9002245F9 /* AppDelegate.m in Sources */,
				2836F33C1E8CE49400C9BE35 /* JCFrameAttribute.m in Sources */,
				282FD7D71E895B5E00E17BFB /* MASLayoutConstraint.m in Sources */,
				28D22AE21E8911C9002245F9 /* main.m in Sources */,
				282FD7E91E895B6400E17BFB /* UIView+JCFrame.m in Sources */,
				282FD7E71E895B6400E17BFB /* JCFrameMake.m in Sources */,
				282FD7DC1E895B5E00E17BFB /* View+MASAdditions.m in Sources */,
				282FD7ED1E895B6D00E17BFB /* SecondViewController.m in Sources */,
				282FD7EA1E895B6400E17BFB /* UIView+JCFrameLayout.m in Sources */,
				282FD7E81E895B6400E17BFB /* JCFrame.m in Sources */,
				28E5EAD51E8B84A000701A93 /* JCFrameExecutor.m in Sources */,
				282FD7D81E895B5E00E17BFB /* MASViewAttribute.m in Sources */,
				282FD7D51E895B5E00E17BFB /* MASConstraint.m in Sources */,
				282FD7D61E895B5E00E17BFB /* MASConstraintMaker.m in Sources */,
			);
			runOnlyForDeploymentPostprocessing = 0;
		};
/* End PBXSourcesBuildPhase section */

/* Begin PBXVariantGroup section */
		28D22AE91E8911C9002245F9 /* Main.storyboard */ = {
			isa = PBXVariantGroup;
			children = (
				28D22AEA1E8911C9002245F9 /* Base */,
			);
			name = Main.storyboard;
			sourceTree = "<group>";
		};
		28D22AEE1E8911C9002245F9 /* LaunchScreen.storyboard */ = {
			isa = PBXVariantGroup;
			children = (
				28D22AEF1E8911C9002245F9 /* Base */,
			);
			name = LaunchScreen.storyboard;
			sourceTree = "<group>";
		};
/* End PBXVariantGroup section */

/* Begin XCBuildConfiguration section */
		28D22AF21E8911C9002245F9 /* Debug */ = {
			isa = XCBuildConfiguration;
			buildSettings = {
				ALWAYS_SEARCH_USER_PATHS = NO;
				CLANG_ANALYZER_NONNULL = YES;
				CLANG_CXX_LANGUAGE_STANDARD = "gnu++0x";
				CLANG_CXX_LIBRARY = "libc++";
				CLANG_ENABLE_MODULES = YES;
				CLANG_ENABLE_OBJC_ARC = YES;
				CLANG_WARN_BOOL_CONVERSION = YES;
				CLANG_WARN_CONSTANT_CONVERSION = YES;
				CLANG_WARN_DIRECT_OBJC_ISA_USAGE = YES_ERROR;
				CLANG_WARN_DOCUMENTATION_COMMENTS = YES;
				CLANG_WARN_EMPTY_BODY = YES;
				CLANG_WARN_ENUM_CONVERSION = YES;
				CLANG_WARN_INFINITE_RECURSION = YES;
				CLANG_WARN_INT_CONVERSION = YES;
				CLANG_WARN_OBJC_ROOT_CLASS = YES_ERROR;
				CLANG_WARN_SUSPICIOUS_MOVE = YES;
				CLANG_WARN_UNREACHABLE_CODE = YES;
				CLANG_WARN__DUPLICATE_METHOD_MATCH = YES;
				"CODE_SIGN_IDENTITY[sdk=iphoneos*]" = "iPhone Developer";
				COPY_PHASE_STRIP = NO;
				DEBUG_INFORMATION_FORMAT = dwarf;
				ENABLE_STRICT_OBJC_MSGSEND = YES;
				ENABLE_TESTABILITY = YES;
				GCC_C_LANGUAGE_STANDARD = gnu99;
				GCC_DYNAMIC_NO_PIC = NO;
				GCC_NO_COMMON_BLOCKS = YES;
				GCC_OPTIMIZATION_LEVEL = 0;
				GCC_PREPROCESSOR_DEFINITIONS = (
					"DEBUG=1",
					"$(inherited)",
				);
				GCC_WARN_64_TO_32_BIT_CONVERSION = YES;
				GCC_WARN_ABOUT_RETURN_TYPE = YES_ERROR;
				GCC_WARN_UNDECLARED_SELECTOR = YES;
				GCC_WARN_UNINITIALIZED_AUTOS = YES_AGGRESSIVE;
				GCC_WARN_UNUSED_FUNCTION = YES;
				GCC_WARN_UNUSED_VARIABLE = YES;
				IPHONEOS_DEPLOYMENT_TARGET = 10.2;
				MTL_ENABLE_DEBUG_INFO = YES;
				ONLY_ACTIVE_ARCH = YES;
				SDKROOT = iphoneos;
				TARGETED_DEVICE_FAMILY = "1,2";
			};
			name = Debug;
		};
		28D22AF31E8911C9002245F9 /* Release */ = {
			isa = XCBuildConfiguration;
			buildSettings = {
				ALWAYS_SEARCH_USER_PATHS = NO;
				CLANG_ANALYZER_NONNULL = YES;
				CLANG_CXX_LANGUAGE_STANDARD = "gnu++0x";
				CLANG_CXX_LIBRARY = "libc++";
				CLANG_ENABLE_MODULES = YES;
				CLANG_ENABLE_OBJC_ARC = YES;
				CLANG_WARN_BOOL_CONVERSION = YES;
				CLANG_WARN_CONSTANT_CONVERSION = YES;
				CLANG_WARN_DIRECT_OBJC_ISA_USAGE = YES_ERROR;
				CLANG_WARN_DOCUMENTATION_COMMENTS = YES;
				CLANG_WARN_EMPTY_BODY = YES;
				CLANG_WARN_ENUM_CONVERSION = YES;
				CLANG_WARN_INFINITE_RECURSION = YES;
				CLANG_WARN_INT_CONVERSION = YES;
				CLANG_WARN_OBJC_ROOT_CLASS = YES_ERROR;
				CLANG_WARN_SUSPICIOUS_MOVE = YES;
				CLANG_WARN_UNREACHABLE_CODE = YES;
				CLANG_WARN__DUPLICATE_METHOD_MATCH = YES;
				"CODE_SIGN_IDENTITY[sdk=iphoneos*]" = "iPhone Developer";
				COPY_PHASE_STRIP = NO;
				DEBUG_INFORMATION_FORMAT = "dwarf-with-dsym";
				ENABLE_NS_ASSERTIONS = NO;
				ENABLE_STRICT_OBJC_MSGSEND = YES;
				GCC_C_LANGUAGE_STANDARD = gnu99;
				GCC_NO_COMMON_BLOCKS = YES;
				GCC_WARN_64_TO_32_BIT_CONVERSION = YES;
				GCC_WARN_ABOUT_RETURN_TYPE = YES_ERROR;
				GCC_WARN_UNDECLARED_SELECTOR = YES;
				GCC_WARN_UNINITIALIZED_AUTOS = YES_AGGRESSIVE;
				GCC_WARN_UNUSED_FUNCTION = YES;
				GCC_WARN_UNUSED_VARIABLE = YES;
				IPHONEOS_DEPLOYMENT_TARGET = 10.2;
				MTL_ENABLE_DEBUG_INFO = NO;
				SDKROOT = iphoneos;
				TARGETED_DEVICE_FAMILY = "1,2";
				VALIDATE_PRODUCT = YES;
			};
			name = Release;
		};
		28D22AF51E8911C9002245F9 /* Debug */ = {
			isa = XCBuildConfiguration;
			buildSettings = {
				ASSETCATALOG_COMPILER_APPICON_NAME = AppIcon;
				DEVELOPMENT_TEAM = H4BT36KNDU;
				INFOPLIST_FILE = JCFrameLayout/Info.plist;
				LD_RUNPATH_SEARCH_PATHS = "$(inherited) @executable_path/Frameworks";
				PRODUCT_BUNDLE_IDENTIFIER = com.JCFrameLayout;
				PRODUCT_NAME = "$(TARGET_NAME)";
			};
			name = Debug;
		};
		28D22AF61E8911C9002245F9 /* Release */ = {
			isa = XCBuildConfiguration;
			buildSettings = {
				ASSETCATALOG_COMPILER_APPICON_NAME = AppIcon;
				DEVELOPMENT_TEAM = H4BT36KNDU;
				INFOPLIST_FILE = JCFrameLayout/Info.plist;
				LD_RUNPATH_SEARCH_PATHS = "$(inherited) @executable_path/Frameworks";
				PRODUCT_BUNDLE_IDENTIFIER = com.JCFrameLayout;
				PRODUCT_NAME = "$(TARGET_NAME)";
			};
			name = Release;
		};
/* End XCBuildConfiguration section */

/* Begin XCConfigurationList section */
		28D22AD81E8911C9002245F9 /* Build configuration list for PBXProject "JCFrameLayout" */ = {
			isa = XCConfigurationList;
			buildConfigurations = (
				28D22AF21E8911C9002245F9 /* Debug */,
				28D22AF31E8911C9002245F9 /* Release */,
			);
			defaultConfigurationIsVisible = 0;
			defaultConfigurationName = Release;
		};
		28D22AF41E8911C9002245F9 /* Build configuration list for PBXNativeTarget "JCFrameLayout" */ = {
			isa = XCConfigurationList;
			buildConfigurations = (
				28D22AF51E8911C9002245F9 /* Debug */,
				28D22AF61E8911C9002245F9 /* Release */,
			);
			defaultConfigurationIsVisible = 0;
			defaultConfigurationName = Release;
		};
/* End XCConfigurationList section */
	};
	rootObject = 28D22AD51E8911C9002245F9 /* Project object */;
}
